
Microsoft Visual Studio Solution File, Format Version 12.00
# Visual Studio 15
VisualStudioVersion = 15.0.26730.16
MinimumVisualStudioVersion = 10.0.40219.1
Project("{8BC9CEB8-8B4A-11D0-8D11-00A0C91BC942}") = "the-worldinator", "the-worldinator.vcxproj", "{9C02CE75-A00A-4B55-8F63-B1A71B678011}"
EndProject
Global
	GlobalSection(SolutionConfigurationPlatforms) = preSolution
		Debug|x64 = Debug|x64
		Debug|x86 = Debug|x86
		Release|x64 = Release|x64
		Release|x86 = Release|x86
	EndGlobalSection
	GlobalSection(ProjectConfigurationPlatforms) = postSolution
		{9C02CE75-A00A-4B55-8F63-B1A71B678011}.Debug|x64.ActiveCfg = Debug|x64
		{9C02CE75-A00A-4B55-8F63-B1A71B678011}.Debug|x64.Build.0 = Debug|x64
		{9C02CE75-A00A-4B55-8F63-B1A71B678011}.Debug|x86.ActiveCfg = Debug|Win32
		{9C02CE75-A00A-4B55-8F63-B1A71B678011}.Debug|x86.Build.0 = Debug|Win32
		{9C02CE75-A00A-4B55-8F63-B1A71B678011}.Release|x64.ActiveCfg = Release|x64
		{9C02CE75-A00A-4B55-8F63-B1A71B678011}.Release|x64.Build.0 = Release|x64
		{9C02CE75-A00A-4B55-8F63-B1A71B678011}.Release|x86.ActiveCfg = Release|Win32
		{9C02CE75-A00A-4B55-8F63-B1A71B678011}.Release|x86.Build.0 = Release|Win32
	EndGlobalSection
	GlobalSection(SolutionProperties) = preSolution
		HideSolutionNode = FALSE
	EndGlobalSection
	GlobalSection(ExtensibilityGlobals) = postSolution
		SolutionGuid = {036F5429-174C-42DA-B0AD-F4FEC3518145}
	EndGlobalSection
EndGlobal
